
Microsoft Visual Studio Solution File, Format Version 12.00
# Visual Studio Version 16
VisualStudioVersion = 16.0.32228.343
MinimumVisualStudioVersion = 10.0.40219.1
Project("{FAE04EC0-301F-11D3-BF4B-00C04F79EFBC}") = "MajorItemByAreaTracker", "SemiSpoilerLogger\MajorItemByAreaTracker.csproj", "{55615E80-80FD-4DD7-9DDA-24E3C903D0E1}"
EndProject
Project("{2150E333-8FDC-42A3-9474-1A3956D46DE8}") = "Solution Items", "Solution Items", "{65920173-FE03-4E87-BDB6-E4AFAB74497D}"
	ProjectSection(SolutionItems) = preProject
		README.md = README.md
	EndProjectSection
EndProject
Global
	GlobalSection(SolutionConfigurationPlatforms) = preSolution
		Debug|Any CPU = Debug|Any CPU
		Release|Any CPU = Release|Any CPU
	EndGlobalSection
	GlobalSection(ProjectConfigurationPlatforms) = postSolution
		{55615E80-80FD-4DD7-9DDA-24E3C903D0E1}.Debug|Any CPU.ActiveCfg = Debug|Any CPU
		{55615E80-80FD-4DD7-9DDA-24E3C903D0E1}.Debug|Any CPU.Build.0 = Debug|Any CPU
		{55615E80-80FD-4DD7-9DDA-24E3C903D0E1}.Release|Any CPU.ActiveCfg = Release|Any CPU
		{55615E80-80FD-4DD7-9DDA-24E3C903D0E1}.Release|Any CPU.Build.0 = Release|Any CPU
	EndGlobalSection
	GlobalSection(SolutionProperties) = preSolution
		HideSolutionNode = FALSE
	EndGlobalSection
	GlobalSection(ExtensibilityGlobals) = postSolution
		SolutionGuid = {9EE2B3DE-12C8-4F81-8FA0-78F2799151BA}
	EndGlobalSection
EndGlobal
